
Microsoft Visual Studio Solution File, Format Version 12.00
# Visual Studio Version 16
VisualStudioVersion = 16.0.29613.14
MinimumVisualStudioVersion = 10.0.40219.1
Project("{FAE04EC0-301F-11D3-BF4B-00C04F79EFBC}") = "FinalExam_AF", "FinalExam_AF\FinalExam_AF.csproj", "{445FF14C-2E7A-49FD-ACEE-4D7CD98A712A}"
EndProject
Global
	GlobalSection(SolutionConfigurationPlatforms) = preSolution
		Debug|Any CPU = Debug|Any CPU
		Release|Any CPU = Release|Any CPU
	EndGlobalSection
	GlobalSection(ProjectConfigurationPlatforms) = postSolution
		{445FF14C-2E7A-49FD-ACEE-4D7CD98A712A}.Debug|Any CPU.ActiveCfg = Debug|Any CPU
		{445FF14C-2E7A-49FD-ACEE-4D7CD98A712A}.Debug|Any CPU.Build.0 = Debug|Any CPU
		{445FF14C-2E7A-49FD-ACEE-4D7CD98A712A}.Release|Any CPU.ActiveCfg = Release|Any CPU
		{445FF14C-2E7A-49FD-ACEE-4D7CD98A712A}.Release|Any CPU.Build.0 = Release|Any CPU
	EndGlobalSection
	GlobalSection(SolutionProperties) = preSolution
		HideSolutionNode = FALSE
	EndGlobalSection
	GlobalSection(ExtensibilityGlobals) = postSolution
		SolutionGuid = {C3A25397-F31D-4869-8EAE-B944E0543FCE}
	EndGlobalSection
EndGlobal
